
Microsoft Visual Studio Solution File, Format Version 12.00
# Visual Studio Version 16
VisualStudioVersion = 16.0.30114.105
MinimumVisualStudioVersion = 10.0.40219.1
Project("{FAE04EC0-301F-11D3-BF4B-00C04F79EFBC}") = "testertom", "testertom\testertom.csproj", "{66317056-F5E4-41C0-A69C-9D3792175C5E}"
EndProject
Global
	GlobalSection(SolutionConfigurationPlatforms) = preSolution
		Debug|Any CPU = Debug|Any CPU
		Release|Any CPU = Release|Any CPU
	EndGlobalSection
	GlobalSection(ProjectConfigurationPlatforms) = postSolution
		{66317056-F5E4-41C0-A69C-9D3792175C5E}.Debug|Any CPU.ActiveCfg = Debug|Any CPU
		{66317056-F5E4-41C0-A69C-9D3792175C5E}.Debug|Any CPU.Build.0 = Debug|Any CPU
		{66317056-F5E4-41C0-A69C-9D3792175C5E}.Release|Any CPU.ActiveCfg = Release|Any CPU
		{66317056-F5E4-41C0-A69C-9D3792175C5E}.Release|Any CPU.Build.0 = Release|Any CPU
	EndGlobalSection
	GlobalSection(SolutionProperties) = preSolution
		HideSolutionNode = FALSE
	EndGlobalSection
	GlobalSection(ExtensibilityGlobals) = postSolution
		SolutionGuid = {BF6B450E-6B97-41F1-93EC-D1BDD3B165C1}
	EndGlobalSection
EndGlobal
